Microsoft Visual Studio Solution File, Format Version 12.00
# Visual Studio Version 17
VisualStudioVersion = 17.5.2.0
MinimumVisualStudioVersion = 10.0.40219.1
Project("{FAE04EC0-301F-11D3-BF4B-00C04F79EFBC}") = "age-calculator", "age-calculator.csproj", "{4910B020-435D-7712-11E6-21C27EB1EC0F}"
EndProject
Global
	GlobalSection(SolutionConfigurationPlatforms) = preSolution
		Debug|Any CPU = Debug|Any CPU
		Release|Any CPU = Release|Any CPU
	EndGlobalSection
	GlobalSection(ProjectConfigurationPlatforms) = postSolution
		{4910B020-435D-7712-11E6-21C27EB1EC0F}.Debug|Any CPU.ActiveCfg = Debug|Any CPU
		{4910B020-435D-7712-11E6-21C27EB1EC0F}.Debug|Any CPU.Build.0 = Debug|Any CPU
		{4910B020-435D-7712-11E6-21C27EB1EC0F}.Release|Any CPU.ActiveCfg = Release|Any CPU
		{4910B020-435D-7712-11E6-21C27EB1EC0F}.Release|Any CPU.Build.0 = Release|Any CPU
	EndGlobalSection
	GlobalSection(SolutionProperties) = preSolution
		HideSolutionNode = FALSE
	EndGlobalSection
	GlobalSection(ExtensibilityGlobals) = postSolution
		SolutionGuid = {6573B14D-491B-4FD7-B587-E5C6E333C853}
	EndGlobalSection
EndGlobal
